
Microsoft Visual Studio Solution File, Format Version 12.00
# Visual Studio Version 16
VisualStudioVersion = 16.0.30503.244
MinimumVisualStudioVersion = 10.0.40219.1
Project("{8BC9CEB8-8B4A-11D0-8D11-00A0C91BC942}") = "栈解决括号匹配问题", "栈解决括号匹配问题\栈解决括号匹配问题.vcxproj", "{B8172AEF-E39D-422D-9B28-4B5456DACF80}"
EndProject
Project("{8BC9CEB8-8B4A-11D0-8D11-00A0C91BC942}") = "利用队列实现车厢编组问题", "利用队列实现车厢编组问题\利用队列实现车厢编组问题.vcxproj", "{E6F8C78A-0925-405B-8A50-E63CA71F567F}"
EndProject
Project("{8BC9CEB8-8B4A-11D0-8D11-00A0C91BC942}") = "单链表的操作", "单链表的操作\单链表的操作.vcxproj", "{0F3C1118-8952-4B41-A5A1-27B6DC744524}"
EndProject
Project("{8BC9CEB8-8B4A-11D0-8D11-00A0C91BC942}") = "入栈和出栈", "入栈和出栈\Project1.vcxproj", "{BE6C8D5E-97C9-4153-A442-419AD3250D63}"
EndProject
Project("{8BC9CEB8-8B4A-11D0-8D11-00A0C91BC942}") = "循环队列", "循环队列\Project3.vcxproj", "{6BA5A61B-5F13-4DF6-8A6D-409759AC6497}"
EndProject
Project("{8BC9CEB8-8B4A-11D0-8D11-00A0C91BC942}") = "栈进制之间转换", "栈实现进制之间的转换\Project2.vcxproj", "{F808ED19-D2EF-449D-B22D-9C17A7D5EF20}"
EndProject
Project("{8BC9CEB8-8B4A-11D0-8D11-00A0C91BC942}") = "深度优先搜索", "深度优先搜索\深度优先搜索.vcxproj", "{C9A642EB-1162-4482-B980-059FEED2002E}"
EndProject
Project("{8BC9CEB8-8B4A-11D0-8D11-00A0C91BC942}") = "顺序表的实现和运算", "线性表的实现和运算\线性表的实现和运算.vcxproj", "{63A266A5-734E-487E-BF3B-C4A33138CE45}"
EndProject
Project("{8BC9CEB8-8B4A-11D0-8D11-00A0C91BC942}") = "测试", "测试\测试.vcxproj", "{28D92CDD-47D3-4656-B558-1C888F16CC99}"
EndProject
Global
	GlobalSection(SolutionConfigurationPlatforms) = preSolution
		Debug|x64 = Debug|x64
		Debug|x86 = Debug|x86
		Release|x64 = Release|x64
		Release|x86 = Release|x86
	EndGlobalSection
	GlobalSection(ProjectConfigurationPlatforms) = postSolution
		{B8172AEF-E39D-422D-9B28-4B5456DACF80}.Debug|x64.ActiveCfg = Debug|x64
		{B8172AEF-E39D-422D-9B28-4B5456DACF80}.Debug|x64.Build.0 = Debug|x64
		{B8172AEF-E39D-422D-9B28-4B5456DACF80}.Debug|x86.ActiveCfg = Debug|Win32
		{B8172AEF-E39D-422D-9B28-4B5456DACF80}.Debug|x86.Build.0 = Debug|Win32
		{B8172AEF-E39D-422D-9B28-4B5456DACF80}.Release|x64.ActiveCfg = Release|x64
		{B8172AEF-E39D-422D-9B28-4B5456DACF80}.Release|x64.Build.0 = Release|x64
		{B8172AEF-E39D-422D-9B28-4B5456DACF80}.Release|x86.ActiveCfg = Release|Win32
		{B8172AEF-E39D-422D-9B28-4B5456DACF80}.Release|x86.Build.0 = Release|Win32
		{E6F8C78A-0925-405B-8A50-E63CA71F567F}.Debug|x64.ActiveCfg = Debug|x64
		{E6F8C78A-0925-405B-8A50-E63CA71F567F}.Debug|x64.Build.0 = Debug|x64
		{E6F8C78A-0925-405B-8A50-E63CA71F567F}.Debug|x86.ActiveCfg = Debug|Win32
		{E6F8C78A-0925-405B-8A50-E63CA71F567F}.Debug|x86.Build.0 = Debug|Win32
		{E6F8C78A-0925-405B-8A50-E63CA71F567F}.Release|x64.ActiveCfg = Release|x64
		{E6F8C78A-0925-405B-8A50-E63CA71F567F}.Release|x64.Build.0 = Release|x64
		{E6F8C78A-0925-405B-8A50-E63CA71F567F}.Release|x86.ActiveCfg = Release|Win32
		{E6F8C78A-0925-405B-8A50-E63CA71F567F}.Release|x86.Build.0 = Release|Win32
		{0F3C1118-8952-4B41-A5A1-27B6DC744524}.Debug|x64.ActiveCfg = Debug|x64
		{0F3C1118-8952-4B41-A5A1-27B6DC744524}.Debug|x64.Build.0 = Debug|x64
		{0F3C1118-8952-4B41-A5A1-27B6DC744524}.Debug|x86.ActiveCfg = Debug|Win32
		{0F3C1118-8952-4B41-A5A1-27B6DC744524}.Debug|x86.Build.0 = Debug|Win32
		{0F3C1118-8952-4B41-A5A1-27B6DC744524}.Release|x64.ActiveCfg = Release|x64
		{0F3C1118-8952-4B41-A5A1-27B6DC744524}.Release|x64.Build.0 = Release|x64
		{0F3C1118-8952-4B41-A5A1-27B6DC744524}.Release|x86.ActiveCfg = Release|Win32
		{0F3C1118-8952-4B41-A5A1-27B6DC744524}.Release|x86.Build.0 = Release|Win32
		{BE6C8D5E-97C9-4153-A442-419AD3250D63}.Debug|x64.ActiveCfg = Debug|x64
		{BE6C8D5E-97C9-4153-A442-419AD3250D63}.Debug|x64.Build.0 = Debug|x64
		{BE6C8D5E-97C9-4153-A442-419AD3250D63}.Debug|x86.ActiveCfg = Debug|Win32
		{BE6C8D5E-97C9-4153-A442-419AD3250D63}.Debug|x86.Build.0 = Debug|Win32
		{BE6C8D5E-97C9-4153-A442-419AD3250D63}.Release|x64.ActiveCfg = Release|x64
		{BE6C8D5E-97C9-4153-A442-419AD3250D63}.Release|x64.Build.0 = Release|x64
		{BE6C8D5E-97C9-4153-A442-419AD3250D63}.Release|x86.ActiveCfg = Release|Win32
		{BE6C8D5E-97C9-4153-A442-419AD3250D63}.Release|x86.Build.0 = Release|Win32
		{6BA5A61B-5F13-4DF6-8A6D-409759AC6497}.Debug|x64.ActiveCfg = Debug|x64
		{6BA5A61B-5F13-4DF6-8A6D-409759AC6497}.Debug|x64.Build.0 = Debug|x64
		{6BA5A61B-5F13-4DF6-8A6D-409759AC6497}.Debug|x86.ActiveCfg = Debug|Win32
		{6BA5A61B-5F13-4DF6-8A6D-409759AC6497}.Debug|x86.Build.0 = Debug|Win32
		{6BA5A61B-5F13-4DF6-8A6D-409759AC6497}.Release|x64.ActiveCfg = Release|x64
		{6BA5A61B-5F13-4DF6-8A6D-409759AC6497}.Release|x64.Build.0 = Release|x64
		{6BA5A61B-5F13-4DF6-8A6D-409759AC6497}.Release|x86.ActiveCfg = Release|Win32
		{6BA5A61B-5F13-4DF6-8A6D-409759AC6497}.Release|x86.Build.0 = Release|Win32
		{F808ED19-D2EF-449D-B22D-9C17A7D5EF20}.Debug|x64.ActiveCfg = Debug|x64
		{F808ED19-D2EF-449D-B22D-9C17A7D5EF20}.Debug|x64.Build.0 = Debug|x64
		{F808ED19-D2EF-449D-B22D-9C17A7D5EF20}.Debug|x86.ActiveCfg = Debug|Win32
		{F808ED19-D2EF-449D-B22D-9C17A7D5EF20}.Debug|x86.Build.0 = Debug|Win32
		{F808ED19-D2EF-449D-B22D-9C17A7D5EF20}.Release|x64.ActiveCfg = Release|x64
		{F808ED19-D2EF-449D-B22D-9C17A7D5EF20}.Release|x64.Build.0 = Release|x64
		{F808ED19-D2EF-449D-B22D-9C17A7D5EF20}.Release|x86.ActiveCfg = Release|Win32
		{F808ED19-D2EF-449D-B22D-9C17A7D5EF20}.Release|x86.Build.0 = Release|Win32
		{C9A642EB-1162-4482-B980-059FEED2002E}.Debug|x64.ActiveCfg = Debug|x64
		{C9A642EB-1162-4482-B980-059FEED2002E}.Debug|x64.Build.0 = Debug|x64
		{C9A642EB-1162-4482-B980-059FEED2002E}.Debug|x86.ActiveCfg = Debug|Win32
		{C9A642EB-1162-4482-B980-059FEED2002E}.Debug|x86.Build.0 = Debug|Win32
		{C9A642EB-1162-4482-B980-059FEED2002E}.Release|x64.ActiveCfg = Release|x64
		{C9A642EB-1162-4482-B980-059FEED2002E}.Release|x64.Build.0 = Release|x64
		{C9A642EB-1162-4482-B980-059FEED2002E}.Release|x86.ActiveCfg = Release|Win32
		{C9A642EB-1162-4482-B980-059FEED2002E}.Release|x86.Build.0 = Release|Win32
		{63A266A5-734E-487E-BF3B-C4A33138CE45}.Debug|x64.ActiveCfg = Debug|x64
		{63A266A5-734E-487E-BF3B-C4A33138CE45}.Debug|x64.Build.0 = Debug|x64
		{63A266A5-734E-487E-BF3B-C4A33138CE45}.Debug|x86.ActiveCfg = Debug|Win32
		{63A266A5-734E-487E-BF3B-C4A33138CE45}.Debug|x86.Build.0 = Debug|Win32
		{63A266A5-734E-487E-BF3B-C4A33138CE45}.Release|x64.ActiveCfg = Release|x64
		{63A266A5-734E-487E-BF3B-C4A33138CE45}.Release|x64.Build.0 = Release|x64
		{63A266A5-734E-487E-BF3B-C4A33138CE45}.Release|x86.ActiveCfg = Release|Win32
		{63A266A5-734E-487E-BF3B-C4A33138CE45}.Release|x86.Build.0 = Release|Win32
		{28D92CDD-47D3-4656-B558-1C888F16CC99}.Debug|x64.ActiveCfg = Debug|x64
		{28D92CDD-47D3-4656-B558-1C888F16CC99}.Debug|x64.Build.0 = Debug|x64
		{28D92CDD-47D3-4656-B558-1C888F16CC99}.Debug|x86.ActiveCfg = Debug|Win32
		{28D92CDD-47D3-4656-B558-1C888F16CC99}.Debug|x86.Build.0 = Debug|Win32
		{28D92CDD-47D3-4656-B558-1C888F16CC99}.Release|x64.ActiveCfg = Release|x64
		{28D92CDD-47D3-4656-B558-1C888F16CC99}.Release|x64.Build.0 = Release|x64
		{28D92CDD-47D3-4656-B558-1C888F16CC99}.Release|x86.ActiveCfg = Release|Win32
		{28D92CDD-47D3-4656-B558-1C888F16CC99}.Release|x86.Build.0 = Release|Win32
	EndGlobalSection
	GlobalSection(SolutionProperties) = preSolution
		HideSolutionNode = FALSE
	EndGlobalSection
	GlobalSection(ExtensibilityGlobals) = postSolution
		SolutionGuid = {069997E7-9BD2-4A5B-8B5F-5EE990C19E6D}
	EndGlobalSection
EndGlobal
